github.com/alecthomas/participle/v2 v2.0.0-alpha7 h1:cK4vjj0VSgb3lN1nuKA5F7dw+1s1pWBe5bx7nNCnN+c=
github.com/alecthomas/participle/v2 v2.0.0-alpha7/go.mod h1:NumScqsC42o9x+dGj8/YqsIfhrIQjFEOFovxotbBirA=
github.com/alecthomas/participle/v2 v2.0.0 h1:Fgrq+MbuSsJwIkw3fEj9h75vDP0Er5JzepJ0/HNHv0g=
github.com/alecthomas/participle/v2 v2.0.0/go.mod h1:rAKZdJldHu8084ojcWevWAL8KmEU+AT+Olodb+WoN2Y=
github.com/alecthomas/repr v0.0.0-20181024024818-d37bc2a10ba1 h1:GDQdwm/gAcJcLAKQQZGOJ4knlw+7rfEQQcmwTbt4p5E=
github.com/alecthomas/repr v0.0.0-20181024024818-d37bc2a10ba1/go.mod h1:xTS7Pm1pD1mvyM075QCDSRqH6qRLXylzS24ZTpRiSzQ=
github.com/alecthomas/repr v0.2.0 h1:HAzS41CIzNW5syS8Mf9UwXhNH1J9aix/BvDRf1Ml2Yk=
github.com/aws/aws-sdk-go-v2 v1.17.6 h1:Y773UK7OBqhzi5VDXMi1zVGsoj+CVHs2eaC2bDsLwi0=
github.com/aws/aws-sdk-go-v2 v1.17.6/go.mod h1:uzbQtefpm44goOPmdKyAlXSNcwlRgF3ePWVW6EtJvvw=
github.com/aws/aws-sdk-go-v2 v1.19.0 h1:klAT+y3pGFBU/qVf1uzwttpBbiuozJYWzNLHioyDJ+k=
github.com/aws/aws-sdk-go-v2 v1.19.0/go.mod h1:uzbQtefpm44goOPmdKyAlXSNcwlRgF3ePWVW6EtJvvw=
github.com/aws/aws-sdk-go-v2/config v1.18.17 h1:jwTkhULSrbr/SQA8tfdYqZxpG8YsRycmIXxJcbrqY5E=
github.com/aws/aws-sdk-go-v2/config v1.18.17/go.mod h1:Lj3E7XcxJnxMa+AYo89YiL68s1cFJRGduChynYU67VA=
github.com/aws/aws-sdk-go-v2/config v1.18.28 h1:TINEaKyh1Td64tqFvn09iYpKiWjmHYrG1fa91q2gnqw=
github.com/aws/aws-sdk-go-v2/config v1.18.28/go.mod h1:nIL+4/8JdAuNHEjn/gPEXqtnS02Q3NXB/9Z7o5xE4+A=
github.com/aws/aws-sdk-go-v2/credentials v1.13.17 h1:IubQO/RNeIVKF5Jy77w/LfUvmmCxTnk2TP1UZZIMiF4=
github.com/aws/aws-sdk-go-v2/credentials v1.13.17/go.mod h1:K9xeFo1g/YPMguMUD69YpwB4Nyi6W/5wn706xIInJFg=
github.com/aws/aws-sdk-go-v2/credentials v1.13.27 h1:dz0yr/yR1jweAnsCx+BmjerUILVPQ6FS5AwF/OyG1kA=
github.com/aws/aws-sdk-go-v2/credentials v1.13.27/go.mod h1:syOqAek45ZXZp29HlnRS/BNgMIW6uiRmeuQsz4Qh2UE=
github.com/aws/aws-sdk-go-v2/feature/ec2/imds v1.13.0 h1:/2Cb3SK3xVOQA7Xfr5nCWCo5H3UiNINtsVvVdk8sQqA=
github.com/aws/aws-sdk-go-v2/feature/ec2/imds v1.13.0/go.mod h1:neYVaeKr5eT7BzwULuG2YbLhzWZ22lpjKdCybR7AXrQ=
github.com/aws/aws-sdk-go-v2/feature/ec2/imds v1.13.5 h1:kP3Me6Fy3vdi+9uHd7YLr6ewPxRL+PU6y15urfTaamU=
github.com/aws/aws-sdk-go-v2/feature/ec2/imds v1.13.5/go.mod h1:Gj7tm95r+QsDoN2Fhuz/3npQvcZbkEf5mL70n3Xfluc=
github.com/aws/aws-sdk-go-v2/internal/configsources v1.1.30 h1:y+8n9AGDjikyXoMBTRaHHHSaFEB8267ykmvyPodJfys=
github.com/aws/aws-sdk-go-v2/internal/configsources v1.1.30/go.mod h1:LUBAO3zNXQjoONBKn/kR1y0Q4cj/D02Ts0uHYjcCQLM=
github.com/aws/aws-sdk-go-v2/internal/configsources v1.1.35 h1:hMUCiE3Zi5AHrRNGf5j985u0WyqI6r2NULhUfo0N/No=
github.com/aws/aws-sdk-go-v2/internal/configsources v1.1.35/go.mod h1:ipR5PvpSPqIqL5Mi82BxLnfMkHVbmco8kUwO2xrCi0M=
github.com/aws/aws-sdk-go-v2/internal/endpoints/v2 v2.4.24 h1:r+Kv+SEJquhAZXaJ7G4u44cIwXV3f8K+N482NNAzJZA=
github.com/aws/aws-sdk-go-v2/internal/endpoints/v2 v2.4.24/go.mod h1:gAuCezX/gob6BSMbItsSlMb6WZGV7K2+fWOvk8xBSto=
github.com/aws/aws-sdk-go-v2/internal/endpoints/v2 v2.4.29 h1:yOpYx+FTBdpk/g+sBU6Cb1H0U/TLEcYYp66mYqsPpcc=
github.com/aws/aws-sdk-go-v2/internal/endpoints/v2 v2.4.29/go.mod h1:M/eUABlDbw2uVrdAn+UsI6M727qp2fxkp8K0ejcBDUY=
github.com/aws/aws-sdk-go-v2/internal/ini v1.3.31 h1:hf+Vhp5WtTdcSdE+yEcUz8L73sAzN0R+0jQv+Z51/mI=
github.com/aws/aws-sdk-go-v2/internal/ini v1.3.31/go.mod h1:5zUjguZfG5qjhG9/wqmuyHRyUftl2B5Cp6NNxNC6kRA=
github.com/aws/aws-sdk-go-v2/internal/ini v1.3.36 h1:8r5m1BoAWkn0TDC34lUculryf7nUF25EgIMdjvGCkgo=
github.com/aws/aws-sdk-go-v2/internal/ini v1.3.36/go.mod h1:Rmw2M1hMVTwiUhjwMoIBFWFJMhvJbct06sSidxInkhY=
github.com/aws/aws-sdk-go-v2/service/internal/presigned-url v1.9.24 h1:c5qGfdbCHav6viBwiyDns3OXqhqAbGjfIB4uVu2ayhk=
github.com/aws/aws-sdk-go-v2/service/internal/presigned-url v1.9.24/go.mod h1:HMA4FZG6fyib+NDo5bpIxX1EhYjrAOveZJY2YR0xrNE=
github.com/aws/aws-sdk-go-v2/service/internal/presigned-url v1.9.29 h1:IiDolu/eLmuB18DRZibj77n1hHQT7z12jnGO7Ze3pLc=
github.com/aws/aws-sdk-go-v2/service/internal/presigned-url v1.9.29/go.mod h1:fDbkK4o7fpPXWn8YAPmTieAMuB9mk/VgvW64uaUqxd4=
github.com/aws/aws-sdk-go-v2/service/secretsmanager v1.19.0 h1:B4LvuBxrxh2WXakqwJL22EPAWgqGGK9/E4YQV/IIkYo=
github.com/aws/aws-sdk-go-v2/service/secretsmanager v1.19.0/go.mod h1:XF4Gbmcn6V9xIIm6lhwtyX1NXConNJ8x6yizt2Ejx/0=
github.com/aws/aws-sdk-go-v2/service/secretsmanager v1.19.11 h1:g2uwGxEXNsjd2OJHIW1KrP4q/BAUcyn6440LQ9gR+nQ=
github.com/aws/aws-sdk-go-v2/service/secretsmanager v1.19.11/go.mod h1:ywwMMBG8ioLfw1LccY05t/egwONbtwDkoUVuXNgDZjs=
github.com/aws/aws-sdk-go-v2/service/sso v1.12.5 h1:bdKIX6SVF3nc3xJFw6Nf0igzS6Ff/louGq8Z6VP/3Hs=
github.com/aws/aws-sdk-go-v2/service/sso v1.12.5/go.mod h1:vuWiaDB30M/QTC+lI3Wj6S/zb7tpUK2MSYgy3Guh2L0=
github.com/aws/aws-sdk-go-v2/service/sso v1.12.13 h1:sWDv7cMITPcZ21QdreULwxOOAmE05JjEsT6fCDtDA9k=
github.com/aws/aws-sdk-go-v2/service/sso v1.12.13/go.mod h1:DfX0sWuT46KpcqbMhJ9QWtxAIP1VozkDWf8VAkByjYY=
github.com/aws/aws-sdk-go-v2/service/ssooidc v1.14.5 h1:xLPZMyuZ4GuqRCIec/zWuIhRFPXh2UOJdLXBSi64ZWQ=
github.com/aws/aws-sdk-go-v2/service/ssooidc v1.14.5/go.mod h1:QjxpHmCwAg0ESGtPQnLIVp7SedTOBMYy+Slr3IfMKeI=
github.com/aws/aws-sdk-go-v2/service/ssooidc v1.14.13 h1:BFubHS/xN5bjl818QaroN6mQdjneYQ+AOx44KNXlyH4=
github.com/aws/aws-sdk-go-v2/service/ssooidc v1.14.13/go.mod h1:BzqsVVFduubEmzrVtUFQQIQdFqvUItF8XUq2EnS8Wog=
github.com/aws/aws-sdk-go-v2/service/sts v1.18.6 h1:rIFn5J3yDoeuKCE9sESXqM5POTAhOP1du3bv/qTL+tE=
github.com/aws/aws-sdk-go-v2/service/sts v1.18.6/go.mod h1:48WJ9l3dwP0GSHWGc5sFGGlCkuA82Mc2xnw+T6Q8aDw=
github.com/aws/aws-sdk-go-v2/service/sts v1.19.3 h1:e5mnydVdCVWxP+5rPAGi2PYxC7u2OZgH1ypC114H04U=
github.com/aws/aws-sdk-go-v2/service/sts v1.19.3/go.mod h1:yVGZA1CPkmUhBdA039jXNJJG7/6t+G+EBWmFq23xqnY=
github.com/aws/smithy-go v1.13.5 h1:hgz0X/DX0dGqTYpGALqXJoRKRj5oQ7150i5FdTePzO8=
github.com/aws/smithy-go v1.13.5/go.mod h1:Tg+OJXh4MB2R/uN61Ko2f6hTZwB/ZYGOtib8J3gBHzA=
github.com/biscuit-auth/biscuit-go/v2 v2.1.0 h1:ItsXqoHj3DpCtKF94aIgj913r4T+ijn8nd15ONyaGEA=
github.com/biscuit-auth/biscuit-go/v2 v2.1.0/go.mod h1:YaR8ypOxcsDIxtjg307a23xFzC5mdhw3vBonb+OtZYU=
github.com/biscuit-auth/biscuit-go/v2 v2.2.0 h1:1zBfZ0ZCbxJbhtAhou6Fa07lBlJ+wcphBEPV/sENBvY=
github.com/biscuit-auth/biscuit-go/v2 v2.2.0/go.mod h1:c7AsMdr816vPd/4Psb3z6Xv2EKciKxSEayI8ueBaJio=
github.com/davecgh/go-spew v1.1.0/go.mod h1:J7Y8YcW2NihsgmVo/mv3lAwl/skON4iLHjSsI+c5H38=
github.com/davecgh/go-spew v1.1.1 h1:vj9j/u1bqnvCEfJOwUhtlOARqs3+rkHYY13jYWTU97c=
github.com/davecgh/go-spew v1.1.1/go.mod h1:J7Y8YcW2NihsgmVo/mv3lAwl/skON4iLHjSsI+c5H38=
github.com/golang/protobuf v1.5.0/go.mod h1:FsONVRAS9T7sI+LIUmWTfcYkHO4aIWwzhcaSAoJOfIk=
github.com/google/go-cmp v0.5.5/go.mod h1:v8dTdLbMG2kIc/vJvl+f65V22dbkXbowE6jgT/gNBxE=
github.com/google/go-cmp v0.5.8 h1:e6P7q2lk1O+qJJb4BtCQXlK8vWEO8V1ZeuEdJNOqZyg=
github.com/google/go-cmp v0.5.8/go.mod h1:17dUlkBOakJ0+DkrSSNjCkIjxS6bF9zb3elmeNGIjoY=
github.com/jmespath/go-jmespath v0.4.0/go.mod h1:T8mJZnbsbmF+m6zOOFylbeCJqk5+pHWvzYPziyZiYoo=
github.com/jmespath/go-jmespath/internal/testify v1.5.1/go.mod h1:L3OGu8Wl2/fWfCI6z80xFu9LTZmf1ZRjMHUOPmWr69U=
github.com/joho/godotenv v1.5.1 h1:7eLL/+HRGLY0ldzfGMeQkb7vMd0as4CfYvUVzLqw0N0=
github.com/joho/godotenv v1.5.1/go.mod h1:f4LDr5Voq0i2e/R5DDNOoa2zzDfwtkZa6DnEwAbqwq4=
github.com/pmezard/go-difflib v1.0.0 h1:4DBwDE0NGyQoBHbLQYPwSUPoCMWR5BEzIk/f1lZbAQM=
github.com/pmezard/go-difflib v1.0.0/go.mod h1:iKH77koFhYxTK1pcRnkKkqfTogsbg7gZNVY4sRDYZ/4=
github.com/stretchr/objx v0.1.0/go.mod h1:HFkY916IF+rwdDfMAkV7OtwuqBVzrE8GR6GFx+wExME=
github.com/stretchr/testify v1.4.0/go.mod h1:j7eGeouHqKxXV5pUuKE4zz7dFj8WfuZ+81PSLYec5m4=
github.com/stretchr/testify v1.8.2 h1:+h33VjcLVPDHtOdpUCuF+7gSuG3yGIftsP1YvFihtJ8=
github.com/stretchr/testify v1.8.4 h1:CcVxjf3Q8PM0mHUKJCdn+eZZtm5yQwehR5yeSVQQcUk=
golang.org/x/xerrors v0.0.0-20191204190536-9bdfabe68543/go.mod h1:I/5z698sn9Ka8TeJc9MKroUUfqBBauWjQqLJ2OPfmY0=
google.golang.org/protobuf v1.26.0-rc.1/go.mod h1:jlhhOSvTdKEhbULTjvd4ARK9grFBp09yW+WbY/TyQbw=
google.golang.org/protobuf v1.29.1 h1:7QBf+IK2gx70Ap/hDsOmam3GE0v9HicjfEdAxE62UoM=
google.golang.org/protobuf v1.29.1/go.mod h1:HV8QOd/L58Z+nl8r43ehVNZIU/HEI6OcFqwMG9pJV4I=
google.golang.org/protobuf v1.31.0 h1:g0LDEJHgrBl9N9r17Ru3sqWhkIx2NB67okBHPwC7hs8=
google.golang.org/protobuf v1.31.0/go.mod h1:HV8QOd/L58Z+nl8r43ehVNZIU/HEI6OcFqwMG9pJV4I=
gopkg.in/check.v1 v0.0.0-20161208181325-20d25e280405/go.mod h1:Co6ibVJAznAaIkqp8huTwlJQCZ016jof/cbN4VW5Yz0=
gopkg.in/yaml.v2 v2.2.2/go.mod h1:hI93XBmqTisBFMUTm0b8Fm+jr3Dg1NNxqwp+5A1VGuI=
gopkg.in/yaml.v2 v2.2.8/go.mod h1:hI93XBmqTisBFMUTm0b8Fm+jr3Dg1NNxqwp+5A1VGuI=
gopkg.in/yaml.v3 v3.0.1 h1:fxVm/GzAzEWqLHuvctI91KS9hhNmmWOoWu0XTYJS7CA=
